// !$*UTF8*$!
{
	archiveVersion = 1;
	classes = {
	};
	objectVersion = 48;
	objects = {

/* Begin PBXBuildFile section */
		900471741F8B854B00BF5052 /* AppDelegate.m in Sources */ = {isa = PBXBuildFile; fileRef = 900471731F8B854B00BF5052 /* AppDelegate.m */; };
		9004717A1F8B854B00BF5052 /* Main.storyboard in Resources */ = {isa = PBXBuildFile; fileRef = 900471781F8B854B00BF5052 /* Main.storyboard */; };
		9004717C1F8B854B00BF5052 /* Assets.xcassets in Resources */ = {isa = PBXBuildFile; fileRef = 9004717B1F8B854B00BF5052 /* Assets.xcassets */; };
		9004717F1F8B854B00BF5052 /* LaunchScreen.storyboard in Resources */ = {isa = PBXBuildFile; fileRef = 9004717D1F8B854B00BF5052 /* LaunchScreen.storyboard */; };
		900471821F8B854B00BF5052 /* main.m in Sources */ = {isa = PBXBuildFile; fileRef = 900471811F8B854B00BF5052 /* main.m */; };
		9028AE2B1F8C6336005C26D1 /* ViewController.m in Sources */ = {isa = PBXBuildFile; fileRef = 9028AE291F8C6336005C26D1 /* ViewController.m */; };
		9028AE2C1F8C6336005C26D1 /* ViewController.xib in Resources */ = {isa = PBXBuildFile; fileRef = 9028AE2A1F8C6336005C26D1 /* ViewController.xib */; };
		9063095E1FFB9D72002FC9FB /* UIImageView+DDHitEdgeInsets.m in Sources */ = {isa = PBXBuildFile; fileRef = 906309221FFB9D72002FC9FB /* UIImageView+DDHitEdgeInsets.m */; };
		9063095F1FFB9D72002FC9FB /* UILabel+DDHitEdgeInsets.m in Sources */ = {isa = PBXBuildFile; fileRef = 906309241FFB9D72002FC9FB /* UILabel+DDHitEdgeInsets.m */; };
		906309601FFB9D72002FC9FB /* UIView+DDHitEdgeInsets.m in Sources */ = {isa = PBXBuildFile; fileRef = 906309251FFB9D72002FC9FB /* UIView+DDHitEdgeInsets.m */; };
		906309611FFB9D72002FC9FB /* UIButton+DDHitEdgeInsets.m in Sources */ = {isa = PBXBuildFile; fileRef = 906309271FFB9D72002FC9FB /* UIButton+DDHitEdgeInsets.m */; };
		906309621FFB9D72002FC9FB /* UIAlertController+DDRotate.m in Sources */ = {isa = PBXBuildFile; fileRef = 9063092D1FFB9D72002FC9FB /* UIAlertController+DDRotate.m */; };
		906309631FFB9D72002FC9FB /* UINavigationController+DDRotate.m in Sources */ = {isa = PBXBuildFile; fileRef = 9063092E1FFB9D72002FC9FB /* UINavigationController+DDRotate.m */; };
		906309641FFB9D72002FC9FB /* UITabBarController+DDRotate.m in Sources */ = {isa = PBXBuildFile; fileRef = 906309321FFB9D72002FC9FB /* UITabBarController+DDRotate.m */; };
		906309651FFB9D72002FC9FB /* UIViewController+DDRotate.m in Sources */ = {isa = PBXBuildFile; fileRef = 906309331FFB9D72002FC9FB /* UIViewController+DDRotate.m */; };
		906309661FFB9D72002FC9FB /* UIDevice+DDCore.m in Sources */ = {isa = PBXBuildFile; fileRef = 906309361FFB9D72002FC9FB /* UIDevice+DDCore.m */; };
		906309671FFB9D72002FC9FB /* UIViewController+DDCore.m in Sources */ = {isa = PBXBuildFile; fileRef = 906309381FFB9D72002FC9FB /* UIViewController+DDCore.m */; };
		906309681FFB9D72002FC9FB /* UIView+DDCore.m in Sources */ = {isa = PBXBuildFile; fileRef = 9063093A1FFB9D72002FC9FB /* UIView+DDCore.m */; };
		906309691FFB9D72002FC9FB /* UINavigationController+DDCore.m in Sources */ = {isa = PBXBuildFile; fileRef = 9063093B1FFB9D72002FC9FB /* UINavigationController+DDCore.m */; };
		9063096A1FFB9D72002FC9FB /* UIColor+DDCore.m in Sources */ = {isa = PBXBuildFile; fileRef = 9063093C1FFB9D72002FC9FB /* UIColor+DDCore.m */; };
		9063096B1FFB9D72002FC9FB /* UIImage+DDCore.m in Sources */ = {isa = PBXBuildFile; fileRef = 906309401FFB9D72002FC9FB /* UIImage+DDCore.m */; };
		9063096C1FFB9D72002FC9FB /* UINavigationBar+DDCore.m in Sources */ = {isa = PBXBuildFile; fileRef = 906309451FFB9D72002FC9FB /* UINavigationBar+DDCore.m */; };
		9063096D1FFB9D72002FC9FB /* NSString+DDPath.m in Sources */ = {isa = PBXBuildFile; fileRef = 906309461FFB9D72002FC9FB /* NSString+DDPath.m */; };
		9063096E1FFB9D72002FC9FB /* NSString+DDCore.m in Sources */ = {isa = PBXBuildFile; fileRef = 906309491FFB9D72002FC9FB /* NSString+DDCore.m */; };
		9063096F1FFB9D72002FC9FB /* NSString+DDInfoPlist.m in Sources */ = {isa = PBXBuildFile; fileRef = 9063094A1FFB9D72002FC9FB /* NSString+DDInfoPlist.m */; };
		906309701FFB9D72002FC9FB /* DDRuntime.m in Sources */ = {isa = PBXBuildFile; fileRef = 9063094C1FFB9D72002FC9FB /* DDRuntime.m */; };
		906309711FFB9D72002FC9FB /* UIView+DDSafety.m in Sources */ = {isa = PBXBuildFile; fileRef = 906309511FFB9D72002FC9FB /* UIView+DDSafety.m */; };
		906309721FFB9D72002FC9FB /* NSArray+DDSafety.m in Sources */ = {isa = PBXBuildFile; fileRef = 906309531FFB9D72002FC9FB /* NSArray+DDSafety.m */; };
		906309731FFB9D72002FC9FB /* NSObject+DDSafety.m in Sources */ = {isa = PBXBuildFile; fileRef = 906309561FFB9D72002FC9FB /* NSObject+DDSafety.m */; };
		906309741FFB9D72002FC9FB /* NSDictionary+DDSafety.m in Sources */ = {isa = PBXBuildFile; fileRef = 906309571FFB9D72002FC9FB /* NSDictionary+DDSafety.m */; };
		906309751FFB9D72002FC9FB /* NSMutableArray+DDSafety.m in Sources */ = {isa = PBXBuildFile; fileRef = 906309581FFB9D72002FC9FB /* NSMutableArray+DDSafety.m */; };
		906309761FFB9D72002FC9FB /* NSMutableDictionary+DDSafety.m in Sources */ = {isa = PBXBuildFile; fileRef = 906309591FFB9D72002FC9FB /* NSMutableDictionary+DDSafety.m */; };
		906309771FFB9D72002FC9FB /* UIScrollView+DDGestureConflict.m in Sources */ = {isa = PBXBuildFile; fileRef = 9063095D1FFB9D72002FC9FB /* UIScrollView+DDGestureConflict.m */; };
/* End PBXBuildFile section */

/* Begin PBXFileReference section */
		9004716F1F8B854B00BF5052 /* DDCategoryDemo.app */ = {isa = PBXFileReference; explicitFileType = wrapper.application; includeInIndex = 0; path = DDCategoryDemo.app; sourceTree = BUILT_PRODUCTS_DIR; };
		900471721F8B854B00BF5052 /* AppDelegate.h */ = {isa = PBXFileReference; lastKnownFileType = sourcecode.c.h; path = AppDelegate.h; sourceTree = "<group>"; };
		900471731F8B854B00BF5052 /* AppDelegate.m */ = {isa = PBXFileReference; lastKnownFileType = sourcecode.c.objc; path = AppDelegate.m; sourceTree = "<group>"; };
		900471791F8B854B00BF5052 /* Base */ = {isa = PBXFileReference; lastKnownFileType = file.storyboard; name = Base; path = Base.lproj/Main.storyboard; sourceTree = "<group>"; };
		9004717B1F8B854B00BF5052 /* Assets.xcassets */ = {isa = PBXFileReference; lastKnownFileType = folder.assetcatalog; path = Assets.xcassets; sourceTree = "<group>"; };
		9004717E1F8B854B00BF5052 /* Base */ = {isa = PBXFileReference; lastKnownFileType = file.storyboard; name = Base; path = Base.lproj/LaunchScreen.storyboard; sourceTree = "<group>"; };
		900471801F8B854B00BF5052 /* Info.plist */ = {isa = PBXFileReference; lastKnownFileType = text.plist.xml; path = Info.plist; sourceTree = "<group>"; };
		900471811F8B854B00BF5052 /* main.m */ = {isa = PBXFileReference; lastKnownFileType = sourcecode.c.objc; path = main.m; sourceTree = "<group>"; };
		9028AE281F8C6336005C26D1 /* ViewController.h */ = {isa = PBXFileReference; lastKnownFileType = sourcecode.c.h; path = ViewController.h; sourceTree = "<group>"; };
		9028AE291F8C6336005C26D1 /* ViewController.m */ = {isa = PBXFileReference; lastKnownFileType = sourcecode.c.objc; path = ViewController.m; sourceTree = "<group>"; };
		9028AE2A1F8C6336005C26D1 /* ViewController.xib */ = {isa = PBXFileReference; lastKnownFileType = file.xib; path = ViewController.xib; sourceTree = "<group>"; };
		906309221FFB9D72002FC9FB /* UIImageView+DDHitEdgeInsets.m */ = {isa = PBXFileReference; fileEncoding = 4; lastKnownFileType = sourcecode.c.objc; path = "UIImageView+DDHitEdgeInsets.m"; sourceTree = "<group>"; };
		906309231FFB9D72002FC9FB /* UIButton+DDHitEdgeInsets.h */ = {isa = PBXFileReference; fileEncoding = 4; lastKnownFileType = sourcecode.c.h; path = "UIButton+DDHitEdgeInsets.h"; sourceTree = "<group>"; };
		906309241FFB9D72002FC9FB /* UILabel+DDHitEdgeInsets.m */ = {isa = PBXFileReference; fileEncoding = 4; lastKnownFileType = sourcecode.c.objc; path = "UILabel+DDHitEdgeInsets.m"; sourceTree = "<group>"; };
		906309251FFB9D72002FC9FB /* UIView+DDHitEdgeInsets.m */ = {isa = PBXFileReference; fileEncoding = 4; lastKnownFileType = sourcecode.c.objc; path = "UIView+DDHitEdgeInsets.m"; sourceTree = "<group>"; };
		906309261FFB9D72002FC9FB /* UILabel+DDHitEdgeInsets.h */ = {isa = PBXFileReference; fileEncoding = 4; lastKnownFileType = sourcecode.c.h; path = "UILabel+DDHitEdgeInsets.h"; sourceTree = "<group>"; };
		906309271FFB9D72002FC9FB /* UIButton+DDHitEdgeInsets.m */ = {isa = PBXFileReference; fileEncoding = 4; lastKnownFileType = sourcecode.c.objc; path = "UIButton+DDHitEdgeInsets.m"; sourceTree = "<group>"; };
		906309281FFB9D72002FC9FB /* UIImageView+DDHitEdgeInsets.h */ = {isa = PBXFileReference; fileEncoding = 4; lastKnownFileType = sourcecode.c.h; path = "UIImageView+DDHitEdgeInsets.h"; sourceTree = "<group>"; };
		906309291FFB9D72002FC9FB /* DDHitEdgeInsetsHeader.h */ = {isa = PBXFileReference; fileEncoding = 4; lastKnownFileType = sourcecode.c.h; path = DDHitEdgeInsetsHeader.h; sourceTree = "<group>"; };
		9063092A1FFB9D72002FC9FB /* UIView+DDHitEdgeInsets.h */ = {isa = PBXFileReference; fileEncoding = 4; lastKnownFileType = sourcecode.c.h; path = "UIView+DDHitEdgeInsets.h"; sourceTree = "<group>"; };
		9063092C1FFB9D72002FC9FB /* UITabBarController+DDRotate.h */ = {isa = PBXFileReference; fileEncoding = 4; lastKnownFileType = sourcecode.c.h; path = "UITabBarController+DDRotate.h"; sourceTree = "<group>"; };
		9063092D1FFB9D72002FC9FB /* UIAlertController+DDRotate.m */ = {isa = PBXFileReference; fileEncoding = 4; lastKnownFileType = sourcecode.c.objc; path = "UIAlertController+DDRotate.m"; sourceTree = "<group>"; };
		9063092E1FFB9D72002FC9FB /* UINavigationController+DDRotate.m */ = {isa = PBXFileReference; fileEncoding = 4; lastKnownFileType = sourcecode.c.objc; path = "UINavigationController+DDRotate.m"; sourceTree = "<group>"; };
		9063092F1FFB9D72002FC9FB /* DDRotateHeader.h */ = {isa = PBXFileReference; fileEncoding = 4; lastKnownFileType = sourcecode.c.h; path = DDRotateHeader.h; sourceTree = "<group>"; };
		906309301FFB9D72002FC9FB /* UIViewController+DDRotate.h */ = {isa = PBXFileReference; fileEncoding = 4; lastKnownFileType = sourcecode.c.h; path = "UIViewController+DDRotate.h"; sourceTree = "<group>"; };
		906309311FFB9D72002FC9FB /* UIAlertController+DDRotate.h */ = {isa = PBXFileReference; fileEncoding = 4; lastKnownFileType = sourcecode.c.h; path = "UIAlertController+DDRotate.h"; sourceTree = "<group>"; };
		906309321FFB9D72002FC9FB /* UITabBarController+DDRotate.m */ = {isa = PBXFileReference; fileEncoding = 4; lastKnownFileType = sourcecode.c.objc; path = "UITabBarController+DDRotate.m"; sourceTree = "<group>"; };
		906309331FFB9D72002FC9FB /* UIViewController+DDRotate.m */ = {isa = PBXFileReference; fileEncoding = 4; lastKnownFileType = sourcecode.c.objc; path = "UIViewController+DDRotate.m"; sourceTree = "<group>"; };
		906309341FFB9D72002FC9FB /* UINavigationController+DDRotate.h */ = {isa = PBXFileReference; fileEncoding = 4; lastKnownFileType = sourcecode.c.h; path = "UINavigationController+DDRotate.h"; sourceTree = "<group>"; };
		906309361FFB9D72002FC9FB /* UIDevice+DDCore.m */ = {isa = PBXFileReference; fileEncoding = 4; lastKnownFileType = sourcecode.c.objc; path = "UIDevice+DDCore.m"; sourceTree = "<group>"; };
		906309371FFB9D72002FC9FB /* UIImage+DDCore.h */ = {isa = PBXFileReference; fileEncoding = 4; lastKnownFileType = sourcecode.c.h; path = "UIImage+DDCore.h"; sourceTree = "<group>"; };
		906309381FFB9D72002FC9FB /* UIViewController+DDCore.m */ = {isa = PBXFileReference; fileEncoding = 4; lastKnownFileType = sourcecode.c.objc; path = "UIViewController+DDCore.m"; sourceTree = "<group>"; };
		906309391FFB9D72002FC9FB /* UINavigationBar+DDCore.h */ = {isa = PBXFileReference; fileEncoding = 4; lastKnownFileType = sourcecode.c.h; path = "UINavigationBar+DDCore.h"; sourceTree = "<group>"; };
		9063093A1FFB9D72002FC9FB /* UIView+DDCore.m */ = {isa = PBXFileReference; fileEncoding = 4; lastKnownFileType = sourcecode.c.objc; path = "UIView+DDCore.m"; sourceTree = "<group>"; };
		9063093B1FFB9D72002FC9FB /* UINavigationController+DDCore.m */ = {isa = PBXFileReference; fileEncoding = 4; lastKnownFileType = sourcecode.c.objc; path = "UINavigationController+DDCore.m"; sourceTree = "<group>"; };
		9063093C1FFB9D72002FC9FB /* UIColor+DDCore.m */ = {isa = PBXFileReference; fileEncoding = 4; lastKnownFileType = sourcecode.c.objc; path = "UIColor+DDCore.m"; sourceTree = "<group>"; };
		9063093D1FFB9D72002FC9FB /* NSString+DDPath.h */ = {isa = PBXFileReference; fileEncoding = 4; lastKnownFileType = sourcecode.c.h; path = "NSString+DDPath.h"; sourceTree = "<group>"; };
		9063093E1FFB9D72002FC9FB /* NSString+DDInfoPlist.h */ = {isa = PBXFileReference; fileEncoding = 4; lastKnownFileType = sourcecode.c.h; path = "NSString+DDInfoPlist.h"; sourceTree = "<group>"; };
		9063093F1FFB9D72002FC9FB /* NSString+DDCore.h */ = {isa = PBXFileReference; fileEncoding = 4; lastKnownFileType = sourcecode.c.h; path = "NSString+DDCore.h"; sourceTree = "<group>"; };
		906309401FFB9D72002FC9FB /* UIImage+DDCore.m */ = {isa = PBXFileReference; fileEncoding = 4; lastKnownFileType = sourcecode.c.objc; path = "UIImage+DDCore.m"; sourceTree = "<group>"; };
		906309411FFB9D72002FC9FB /* UIViewController+DDCore.h */ = {isa = PBXFileReference; fileEncoding = 4; lastKnownFileType = sourcecode.c.h; path = "UIViewController+DDCore.h"; sourceTree = "<group>"; };
		906309421FFB9D72002FC9FB /* UIDevice+DDCore.h */ = {isa = PBXFileReference; fileEncoding = 4; lastKnownFileType = sourcecode.c.h; path = "UIDevice+DDCore.h"; sourceTree = "<group>"; };
		906309431FFB9D72002FC9FB /* DDCoreHeader.h */ = {isa = PBXFileReference; fileEncoding = 4; lastKnownFileType = sourcecode.c.h; path = DDCoreHeader.h; sourceTree = "<group>"; };
		906309441FFB9D72002FC9FB /* UIView+DDCore.h */ = {isa = PBXFileReference; fileEncoding = 4; lastKnownFileType = sourcecode.c.h; path = "UIView+DDCore.h"; sourceTree = "<group>"; };
		906309451FFB9D72002FC9FB /* UINavigationBar+DDCore.m */ = {isa = PBXFileReference; fileEncoding = 4; lastKnownFileType = sourcecode.c.objc; path = "UINavigationBar+DDCore.m"; sourceTree = "<group>"; };
		906309461FFB9D72002FC9FB /* NSString+DDPath.m */ = {isa = PBXFileReference; fileEncoding = 4; lastKnownFileType = sourcecode.c.objc; path = "NSString+DDPath.m"; sourceTree = "<group>"; };
		906309471FFB9D72002FC9FB /* UINavigationController+DDCore.h */ = {isa = PBXFileReference; fileEncoding = 4; lastKnownFileType = sourcecode.c.h; path = "UINavigationController+DDCore.h"; sourceTree = "<group>"; };
		906309481FFB9D72002FC9FB /* UIColor+DDCore.h */ = {isa = PBXFileReference; fileEncoding = 4; lastKnownFileType = sourcecode.c.h; path = "UIColor+DDCore.h"; sourceTree = "<group>"; };
		906309491FFB9D72002FC9FB /* NSString+DDCore.m */ = {isa = PBXFileReference; fileEncoding = 4; lastKnownFileType = sourcecode.c.objc; path = "NSString+DDCore.m"; sourceTree = "<group>"; };
		9063094A1FFB9D72002FC9FB /* NSString+DDInfoPlist.m */ = {isa = PBXFileReference; fileEncoding = 4; lastKnownFileType = sourcecode.c.objc; path = "NSString+DDInfoPlist.m"; sourceTree = "<group>"; };
		9063094C1FFB9D72002FC9FB /* DDRuntime.m */ = {isa = PBXFileReference; fileEncoding = 4; lastKnownFileType = sourcecode.c.objc; path = DDRuntime.m; sourceTree = "<group>"; };
		9063094D1FFB9D72002FC9FB /* DDRuntime.h */ = {isa = PBXFileReference; fileEncoding = 4; lastKnownFileType = sourcecode.c.h; path = DDRuntime.h; sourceTree = "<group>"; };
		9063094F1FFB9D72002FC9FB /* NSDictionary+DDSafety.h */ = {isa = PBXFileReference; fileEncoding = 4; lastKnownFileType = sourcecode.c.h; path = "NSDictionary+DDSafety.h"; sourceTree = "<group>"; };
		906309501FFB9D72002FC9FB /* NSObject+DDSafety.h */ = {isa = PBXFileReference; fileEncoding = 4; lastKnownFileType = sourcecode.c.h; path = "NSObject+DDSafety.h"; sourceTree = "<group>"; };
		906309511FFB9D72002FC9FB /* UIView+DDSafety.m */ = {isa = PBXFileReference; fileEncoding = 4; lastKnownFileType = sourcecode.c.objc; path = "UIView+DDSafety.m"; sourceTree = "<group>"; };
		906309521FFB9D72002FC9FB /* NSMutableArray+DDSafety.h */ = {isa = PBXFileReference; fileEncoding = 4; lastKnownFileType = sourcecode.c.h; path = "NSMutableArray+DDSafety.h"; sourceTree = "<group>"; };
		906309531FFB9D72002FC9FB /* NSArray+DDSafety.m */ = {isa = PBXFileReference; fileEncoding = 4; lastKnownFileType = sourcecode.c.objc; path = "NSArray+DDSafety.m"; sourceTree = "<group>"; };
		906309541FFB9D72002FC9FB /* NSMutableDictionary+DDSafety.h */ = {isa = PBXFileReference; fileEncoding = 4; lastKnownFileType = sourcecode.c.h; path = "NSMutableDictionary+DDSafety.h"; sourceTree = "<group>"; };
		906309551FFB9D72002FC9FB /* UIView+DDSafety.h */ = {isa = PBXFileReference; fileEncoding = 4; lastKnownFileType = sourcecode.c.h; path = "UIView+DDSafety.h"; sourceTree = "<group>"; };
		906309561FFB9D72002FC9FB /* NSObject+DDSafety.m */ = {isa = PBXFileReference; fileEncoding = 4; lastKnownFileType = sourcecode.c.objc; path = "NSObject+DDSafety.m"; sourceTree = "<group>"; };
		906309571FFB9D72002FC9FB /* NSDictionary+DDSafety.m */ = {isa = PBXFileReference; fileEncoding = 4; lastKnownFileType = sourcecode.c.objc; path = "NSDictionary+DDSafety.m"; sourceTree = "<group>"; };
		906309581FFB9D72002FC9FB /* NSMutableArray+DDSafety.m */ = {isa = PBXFileReference; fileEncoding = 4; lastKnownFileType = sourcecode.c.objc; path = "NSMutableArray+DDSafety.m"; sourceTree = "<group>"; };
		906309591FFB9D72002FC9FB /* NSMutableDictionary+DDSafety.m */ = {isa = PBXFileReference; fileEncoding = 4; lastKnownFileType = sourcecode.c.objc; path = "NSMutableDictionary+DDSafety.m"; sourceTree = "<group>"; };
		9063095A1FFB9D72002FC9FB /* NSArray+DDSafety.h */ = {isa = PBXFileReference; fileEncoding = 4; lastKnownFileType = sourcecode.c.h; path = "NSArray+DDSafety.h"; sourceTree = "<group>"; };
		9063095C1FFB9D72002FC9FB /* UIScrollView+DDGestureConflict.h */ = {isa = PBXFileReference; fileEncoding = 4; lastKnownFileType = sourcecode.c.h; path = "UIScrollView+DDGestureConflict.h"; sourceTree = "<group>"; };
		9063095D1FFB9D72002FC9FB /* UIScrollView+DDGestureConflict.m */ = {isa = PBXFileReference; fileEncoding = 4; lastKnownFileType = sourcecode.c.objc; path = "UIScrollView+DDGestureConflict.m"; sourceTree = "<group>"; };
/* End PBXFileReference section */

/* Begin PBXFrameworksBuildPhase section */
		9004716C1F8B854B00BF5052 /* Frameworks */ = {
			isa = PBXFrameworksBuildPhase;
			buildActionMask = 2147483647;
			files = (
			);
			runOnlyForDeploymentPostprocessing = 0;
		};
/* End PBXFrameworksBuildPhase section */

/* Begin PBXGroup section */
		900471661F8B854B00BF5052 = {
			isa = PBXGroup;
			children = (
				906309201FFB9D72002FC9FB /* DDCategory */,
				900471711F8B854B00BF5052 /* DDCategoryDemo */,
				900471701F8B854B00BF5052 /* Products */,
			);
			sourceTree = "<group>";
		};
		900471701F8B854B00BF5052 /* Products */ = {
			isa = PBXGroup;
			children = (
				9004716F1F8B854B00BF5052 /* DDCategoryDemo.app */,
			);
			name = Products;
			sourceTree = "<group>";
		};
		900471711F8B854B00BF5052 /* DDCategoryDemo */ = {
			isa = PBXGroup;
			children = (
				900471721F8B854B00BF5052 /* AppDelegate.h */,
				900471731F8B854B00BF5052 /* AppDelegate.m */,
				9028AE281F8C6336005C26D1 /* ViewController.h */,
				9028AE291F8C6336005C26D1 /* ViewController.m */,
				9028AE2A1F8C6336005C26D1 /* ViewController.xib */,
				900471781F8B854B00BF5052 /* Main.storyboard */,
				9004717B1F8B854B00BF5052 /* Assets.xcassets */,
				9004717D1F8B854B00BF5052 /* LaunchScreen.storyboard */,
				900471801F8B854B00BF5052 /* Info.plist */,
				900471811F8B854B00BF5052 /* main.m */,
			);
			path = DDCategoryDemo;
			sourceTree = "<group>";
		};
		906309201FFB9D72002FC9FB /* DDCategory */ = {
			isa = PBXGroup;
			children = (
				906309211FFB9D72002FC9FB /* HitEdgeInsets */,
				9063092B1FFB9D72002FC9FB /* Rotate */,
				906309351FFB9D72002FC9FB /* Core */,
				9063094B1FFB9D72002FC9FB /* Runtime */,
				9063094E1FFB9D72002FC9FB /* Safety */,
				9063095B1FFB9D72002FC9FB /* GestureConflict */,
			);
			name = DDCategory;
			path = ../DDCategory;
			sourceTree = "<group>";
		};
		906309211FFB9D72002FC9FB /* HitEdgeInsets */ = {
			isa = PBXGroup;
			children = (
				906309221FFB9D72002FC9FB /* UIImageView+DDHitEdgeInsets.m */,
				906309231FFB9D72002FC9FB /* UIButton+DDHitEdgeInsets.h */,
				906309241FFB9D72002FC9FB /* UILabel+DDHitEdgeInsets.m */,
				906309251FFB9D72002FC9FB /* UIView+DDHitEdgeInsets.m */,
				906309261FFB9D72002FC9FB /* UILabel+DDHitEdgeInsets.h */,
				906309271FFB9D72002FC9FB /* UIButton+DDHitEdgeInsets.m */,
				906309281FFB9D72002FC9FB /* UIImageView+DDHitEdgeInsets.h */,
				906309291FFB9D72002FC9FB /* DDHitEdgeInsetsHeader.h */,
				9063092A1FFB9D72002FC9FB /* UIView+DDHitEdgeInsets.h */,
			);
			path = HitEdgeInsets;
			sourceTree = "<group>";
		};
		9063092B1FFB9D72002FC9FB /* Rotate */ = {
			isa = PBXGroup;
			children = (
				9063092C1FFB9D72002FC9FB /* UITabBarController+DDRotate.h */,
				9063092D1FFB9D72002FC9FB /* UIAlertController+DDRotate.m */,
				9063092E1FFB9D72002FC9FB /* UINavigationController+DDRotate.m */,
				9063092F1FFB9D72002FC9FB /* DDRotateHeader.h */,
				906309301FFB9D72002FC9FB /* UIViewController+DDRotate.h */,
				906309311FFB9D72002FC9FB /* UIAlertController+DDRotate.h */,
				906309321FFB9D72002FC9FB /* UITabBarController+DDRotate.m */,
				906309331FFB9D72002FC9FB /* UIViewController+DDRotate.m */,
				906309341FFB9D72002FC9FB /* UINavigationController+DDRotate.h */,
			);
			path = Rotate;
			sourceTree = "<group>";
		};
		906309351FFB9D72002FC9FB /* Core */ = {
			isa = PBXGroup;
			children = (
				906309361FFB9D72002FC9FB /* UIDevice+DDCore.m */,
				906309371FFB9D72002FC9FB /* UIImage+DDCore.h */,
				906309381FFB9D72002FC9FB /* UIViewController+DDCore.m */,
				906309391FFB9D72002FC9FB /* UINavigationBar+DDCore.h */,
				9063093A1FFB9D72002FC9FB /* UIView+DDCore.m */,
				9063093B1FFB9D72002FC9FB /* UINavigationController+DDCore.m */,
				9063093C1FFB9D72002FC9FB /* UIColor+DDCore.m */,
				9063093D1FFB9D72002FC9FB /* NSString+DDPath.h */,
				9063093E1FFB9D72002FC9FB /* NSString+DDInfoPlist.h */,
				9063093F1FFB9D72002FC9FB /* NSString+DDCore.h */,
				906309401FFB9D72002FC9FB /* UIImage+DDCore.m */,
				906309411FFB9D72002FC9FB /* UIViewController+DDCore.h */,
				906309421FFB9D72002FC9FB /* UIDevice+DDCore.h */,
				906309431FFB9D72002FC9FB /* DDCoreHeader.h */,
				906309441FFB9D72002FC9FB /* UIView+DDCore.h */,
				906309451FFB9D72002FC9FB /* UINavigationBar+DDCore.m */,
				906309461FFB9D72002FC9FB /* NSString+DDPath.m */,
				906309471FFB9D72002FC9FB /* UINavigationController+DDCore.h */,
				906309481FFB9D72002FC9FB /* UIColor+DDCore.h */,
				906309491FFB9D72002FC9FB /* NSString+DDCore.m */,
				9063094A1FFB9D72002FC9FB /* NSString+DDInfoPlist.m */,
			);
			path = Core;
			sourceTree = "<group>";
		};
		9063094B1FFB9D72002FC9FB /* Runtime */ = {
			isa = PBXGroup;
			children = (
				9063094C1FFB9D72002FC9FB /* DDRuntime.m */,
				9063094D1FFB9D72002FC9FB /* DDRuntime.h */,
			);
			path = Runtime;
			sourceTree = "<group>";
		};
		9063094E1FFB9D72002FC9FB /* Safety */ = {
			isa = PBXGroup;
			children = (
				9063094F1FFB9D72002FC9FB /* NSDictionary+DDSafety.h */,
				906309501FFB9D72002FC9FB /* NSObject+DDSafety.h */,
				906309511FFB9D72002FC9FB /* UIView+DDSafety.m */,
				906309521FFB9D72002FC9FB /* NSMutableArray+DDSafety.h */,
				906309531FFB9D72002FC9FB /* NSArray+DDSafety.m */,
				906309541FFB9D72002FC9FB /* NSMutableDictionary+DDSafety.h */,
				906309551FFB9D72002FC9FB /* UIView+DDSafety.h */,
				906309561FFB9D72002FC9FB /* NSObject+DDSafety.m */,
				906309571FFB9D72002FC9FB /* NSDictionary+DDSafety.m */,
				906309581FFB9D72002FC9FB /* NSMutableArray+DDSafety.m */,
				906309591FFB9D72002FC9FB /* NSMutableDictionary+DDSafety.m */,
				9063095A1FFB9D72002FC9FB /* NSArray+DDSafety.h */,
			);
			path = Safety;
			sourceTree = "<group>";
		};
		9063095B1FFB9D72002FC9FB /* GestureConflict */ = {
			isa = PBXGroup;
			children = (
				9063095C1FFB9D72002FC9FB /* UIScrollView+DDGestureConflict.h */,
				9063095D1FFB9D72002FC9FB /* UIScrollView+DDGestureConflict.m */,
			);
			path = GestureConflict;
			sourceTree = "<group>";
		};
/* End PBXGroup section */

/* Begin PBXNativeTarget section */
		9004716E1F8B854B00BF5052 /* DDCategoryDemo */ = {
			isa = PBXNativeTarget;
			buildConfigurationList = 900471851F8B854B00BF5052 /* Build configuration list for PBXNativeTarget "DDCategoryDemo" */;
			buildPhases = (
				9004716B1F8B854B00BF5052 /* Sources */,
				9004716C1F8B854B00BF5052 /* Frameworks */,
				9004716D1F8B854B00BF5052 /* Resources */,
			);
			buildRules = (
			);
			dependencies = (
			);
			name = DDCategoryDemo;
			productName = DDCategoryDemo;
			productReference = 9004716F1F8B854B00BF5052 /* DDCategoryDemo.app */;
			productType = "com.apple.product-type.application";
		};
/* End PBXNativeTarget section */

/* Begin PBXProject section */
		900471671F8B854B00BF5052 /* Project object */ = {
			isa = PBXProject;
			attributes = {
				LastUpgradeCheck = 0900;
				ORGANIZATIONNAME = huami;
				TargetAttributes = {
					9004716E1F8B854B00BF5052 = {
						CreatedOnToolsVersion = 9.0;
						ProvisioningStyle = Automatic;
					};
				};
			};
			buildConfigurationList = 9004716A1F8B854B00BF5052 /* Build configuration list for PBXProject "DDCategoryDemo" */;
			compatibilityVersion = "Xcode 8.0";
			developmentRegion = en;
			hasScannedForEncodings = 0;
			knownRegions = (
				en,
				Base,
			);
			mainGroup = 900471661F8B854B00BF5052;
			productRefGroup = 900471701F8B854B00BF5052 /* Products */;
			projectDirPath = "";
			projectRoot = "";
			targets = (
				9004716E1F8B854B00BF5052 /* DDCategoryDemo */,
			);
		};
/* End PBXProject section */

/* Begin PBXResourcesBuildPhase section */
		9004716D1F8B854B00BF5052 /* Resources */ = {
			isa = PBXResourcesBuildPhase;
			buildActionMask = 2147483647;
			files = (
				9004717F1F8B854B00BF5052 /* LaunchScreen.storyboard in Resources */,
				9004717C1F8B854B00BF5052 /* Assets.xcassets in Resources */,
				9028AE2C1F8C6336005C26D1 /* ViewController.xib in Resources */,
				9004717A1F8B854B00BF5052 /* Main.storyboard in Resources */,
			);
			runOnlyForDeploymentPostprocessing = 0;
		};
/* End PBXResourcesBuildPhase section */

/* Begin PBXSourcesBuildPhase section */
		9004716B1F8B854B00BF5052 /* Sources */ = {
			isa = PBXSourcesBuildPhase;
			buildActionMask = 2147483647;
			files = (
				906309741FFB9D72002FC9FB /* NSDictionary+DDSafety.m in Sources */,
				9063096F1FFB9D72002FC9FB /* NSString+DDInfoPlist.m in Sources */,
				9028AE2B1F8C6336005C26D1 /* ViewController.m in Sources */,
				906309601FFB9D72002FC9FB /* UIView+DDHitEdgeInsets.m in Sources */,
				906309661FFB9D72002FC9FB /* UIDevice+DDCore.m in Sources */,
				906309651FFB9D72002FC9FB /* UIViewController+DDRotate.m in Sources */,
				9063096A1FFB9D72002FC9FB /* UIColor+DDCore.m in Sources */,
				906309691FFB9D72002FC9FB /* UINavigationController+DDCore.m in Sources */,
				9063096B1FFB9D72002FC9FB /* UIImage+DDCore.m in Sources */,
				900471821F8B854B00BF5052 /* main.m in Sources */,
				906309771FFB9D72002FC9FB /* UIScrollView+DDGestureConflict.m in Sources */,
				906309711FFB9D72002FC9FB /* UIView+DDSafety.m in Sources */,
				906309621FFB9D72002FC9FB /* UIAlertController+DDRotate.m in Sources */,
				906309701FFB9D72002FC9FB /* DDRuntime.m in Sources */,
				906309721FFB9D72002FC9FB /* NSArray+DDSafety.m in Sources */,
				9063096D1FFB9D72002FC9FB /* NSString+DDPath.m in Sources */,
				906309641FFB9D72002FC9FB /* UITabBarController+DDRotate.m in Sources */,
				906309681FFB9D72002FC9FB /* UIView+DDCore.m in Sources */,
				906309731FFB9D72002FC9FB /* NSObject+DDSafety.m in Sources */,
				9063096E1FFB9D72002FC9FB /* NSString+DDCore.m in Sources */,
				906309671FFB9D72002FC9FB /* UIViewController+DDCore.m in Sources */,
				9063096C1FFB9D72002FC9FB /* UINavigationBar+DDCore.m in Sources */,
				906309761FFB9D72002FC9FB /* NSMutableDictionary+DDSafety.m in Sources */,
				906309611FFB9D72002FC9FB /* UIButton+DDHitEdgeInsets.m in Sources */,
				9063095F1FFB9D72002FC9FB /* UILabel+DDHitEdgeInsets.m in Sources */,
				906309631FFB9D72002FC9FB /* UINavigationController+DDRotate.m in Sources */,
				906309751FFB9D72002FC9FB /* NSMutableArray+DDSafety.m in Sources */,
				900471741F8B854B00BF5052 /* AppDelegate.m in Sources */,
				9063095E1FFB9D72002FC9FB /* UIImageView+DDHitEdgeInsets.m in Sources */,
			);
			runOnlyForDeploymentPostprocessing = 0;
		};
/* End PBXSourcesBuildPhase section */

/* Begin PBXVariantGroup section */
		900471781F8B854B00BF5052 /* Main.storyboard */ = {
			isa = PBXVariantGroup;
			children = (
				900471791F8B854B00BF5052 /* Base */,
			);
			name = Main.storyboard;
			sourceTree = "<group>";
		};
		9004717D1F8B854B00BF5052 /* LaunchScreen.storyboard */ = {
			isa = PBXVariantGroup;
			children = (
				9004717E1F8B854B00BF5052 /* Base */,
			);
			name = LaunchScreen.storyboard;
			sourceTree = "<group>";
		};
/* End PBXVariantGroup section */

/* Begin XCBuildConfiguration section */
		900471831F8B854B00BF5052 /* Debug */ = {
			isa = XCBuildConfiguration;
			buildSettings = {
				ALWAYS_SEARCH_USER_PATHS = NO;
				CLANG_ANALYZER_NONNULL = YES;
				CLANG_ANALYZER_NUMBER_OBJECT_CONVERSION = YES_AGGRESSIVE;
				CLANG_CXX_LANGUAGE_STANDARD = "gnu++14";
				CLANG_CXX_LIBRARY = "libc++";
				CLANG_ENABLE_MODULES = YES;
				CLANG_ENABLE_OBJC_ARC = YES;
				CLANG_WARN_BLOCK_CAPTURE_AUTORELEASING = YES;
				CLANG_WARN_BOOL_CONVERSION = YES;
				CLANG_WARN_COMMA = YES;
				CLANG_WARN_CONSTANT_CONVERSION = YES;
				CLANG_WARN_DIRECT_OBJC_ISA_USAGE = YES_ERROR;
				CLANG_WARN_DOCUMENTATION_COMMENTS = YES;
				CLANG_WARN_EMPTY_BODY = YES;
				CLANG_WARN_ENUM_CONVERSION = YES;
				CLANG_WARN_INFINITE_RECURSION = YES;
				CLANG_WARN_INT_CONVERSION = YES;
				CLANG_WARN_NON_LITERAL_NULL_CONVERSION = YES;
				CLANG_WARN_OBJC_LITERAL_CONVERSION = YES;
				CLANG_WARN_OBJC_ROOT_CLASS = YES_ERROR;
				CLANG_WARN_RANGE_LOOP_ANALYSIS = YES;
				CLANG_WARN_STRICT_PROTOTYPES = YES;
				CLANG_WARN_SUSPICIOUS_MOVE = YES;
				CLANG_WARN_UNGUARDED_AVAILABILITY = YES_AGGRESSIVE;
				CLANG_WARN_UNREACHABLE_CODE = YES;
				CLANG_WARN__DUPLICATE_METHOD_MATCH = YES;
				CODE_SIGN_IDENTITY = "iPhone Developer";
				COPY_PHASE_STRIP = NO;
				DEBUG_INFORMATION_FORMAT = dwarf;
				ENABLE_STRICT_OBJC_MSGSEND = YES;
				ENABLE_TESTABILITY = YES;
				GCC_C_LANGUAGE_STANDARD = gnu11;
				GCC_DYNAMIC_NO_PIC = NO;
				GCC_NO_COMMON_BLOCKS = YES;
				GCC_OPTIMIZATION_LEVEL = 0;
				GCC_PREPROCESSOR_DEFINITIONS = (
					"DEBUG=1",
					"$(inherited)",
				);
				GCC_WARN_64_TO_32_BIT_CONVERSION = YES;
				GCC_WARN_ABOUT_RETURN_TYPE = YES_ERROR;
				GCC_WARN_UNDECLARED_SELECTOR = YES;
				GCC_WARN_UNINITIALIZED_AUTOS = YES_AGGRESSIVE;
				GCC_WARN_UNUSED_FUNCTION = YES;
				GCC_WARN_UNUSED_VARIABLE = YES;
				IPHONEOS_DEPLOYMENT_TARGET = 11.0;
				MTL_ENABLE_DEBUG_INFO = YES;
				ONLY_ACTIVE_ARCH = YES;
				SDKROOT = iphoneos;
			};
			name = Debug;
		};
		900471841F8B854B00BF5052 /* Release */ = {
			isa = XCBuildConfiguration;
			buildSettings = {
				ALWAYS_SEARCH_USER_PATHS = NO;
				CLANG_ANALYZER_NONNULL = YES;
				CLANG_ANALYZER_NUMBER_OBJECT_CONVERSION = YES_AGGRESSIVE;
				CLANG_CXX_LANGUAGE_STANDARD = "gnu++14";
				CLANG_CXX_LIBRARY = "libc++";
				CLANG_ENABLE_MODULES = YES;
				CLANG_ENABLE_OBJC_ARC = YES;
				CLANG_WARN_BLOCK_CAPTURE_AUTORELEASING = YES;
				CLANG_WARN_BOOL_CONVERSION = YES;
				CLANG_WARN_COMMA = YES;
				CLANG_WARN_CONSTANT_CONVERSION = YES;
				CLANG_WARN_DIRECT_OBJC_ISA_USAGE = YES_ERROR;
				CLANG_WARN_DOCUMENTATION_COMMENTS = YES;
				CLANG_WARN_EMPTY_BODY = YES;
				CLANG_WARN_ENUM_CONVERSION = YES;
				CLANG_WARN_INFINITE_RECURSION = YES;
				CLANG_WARN_INT_CONVERSION = YES;
				CLANG_WARN_NON_LITERAL_NULL_CONVERSION = YES;
				CLANG_WARN_OBJC_LITERAL_CONVERSION = YES;
				CLANG_WARN_OBJC_ROOT_CLASS = YES_ERROR;
				CLANG_WARN_RANGE_LOOP_ANALYSIS = YES;
				CLANG_WARN_STRICT_PROTOTYPES = YES;
				CLANG_WARN_SUSPICIOUS_MOVE = YES;
				CLANG_WARN_UNGUARDED_AVAILABILITY = YES_AGGRESSIVE;
				CLANG_WARN_UNREACHABLE_CODE = YES;
				CLANG_WARN__DUPLICATE_METHOD_MATCH = YES;
				CODE_SIGN_IDENTITY = "iPhone Developer";
				COPY_PHASE_STRIP = NO;
				DEBUG_INFORMATION_FORMAT = "dwarf-with-dsym";
				ENABLE_NS_ASSERTIONS = NO;
				ENABLE_STRICT_OBJC_MSGSEND = YES;
				GCC_C_LANGUAGE_STANDARD = gnu11;
				GCC_NO_COMMON_BLOCKS = YES;
				GCC_WARN_64_TO_32_BIT_CONVERSION = YES;
				GCC_WARN_ABOUT_RETURN_TYPE = YES_ERROR;
				GCC_WARN_UNDECLARED_SELECTOR = YES;
				GCC_WARN_UNINITIALIZED_AUTOS = YES_AGGRESSIVE;
				GCC_WARN_UNUSED_FUNCTION = YES;
				GCC_WARN_UNUSED_VARIABLE = YES;
				IPHONEOS_DEPLOYMENT_TARGET = 11.0;
				MTL_ENABLE_DEBUG_INFO = NO;
				SDKROOT = iphoneos;
				VALIDATE_PRODUCT = YES;
			};
			name = Release;
		};
		900471861F8B854B00BF5052 /* Debug */ = {
			isa = XCBuildConfiguration;
			buildSettings = {
				ASSETCATALOG_COMPILER_APPICON_NAME = AppIcon;
				CODE_SIGN_STYLE = Automatic;
				DEVELOPMENT_TEAM = 8YXTH6D342;
				INFOPLIST_FILE = DDCategoryDemo/Info.plist;
				LD_RUNPATH_SEARCH_PATHS = "$(inherited) @executable_path/Frameworks";
				PRODUCT_BUNDLE_IDENTIFIER = com.huami.DDCategoryDemo;
				PRODUCT_NAME = "$(TARGET_NAME)";
				TARGETED_DEVICE_FAMILY = "1,2";
			};
			name = Debug;
		};
		900471871F8B854B00BF5052 /* Release */ = {
			isa = XCBuildConfiguration;
			buildSettings = {
				ASSETCATALOG_COMPILER_APPICON_NAME = AppIcon;
				CODE_SIGN_STYLE = Automatic;
				DEVELOPMENT_TEAM = 8YXTH6D342;
				INFOPLIST_FILE = DDCategoryDemo/Info.plist;
				LD_RUNPATH_SEARCH_PATHS = "$(inherited) @executable_path/Frameworks";
				PRODUCT_BUNDLE_IDENTIFIER = com.huami.DDCategoryDemo;
				PRODUCT_NAME = "$(TARGET_NAME)";
				TARGETED_DEVICE_FAMILY = "1,2";
			};
			name = Release;
		};
/* End XCBuildConfiguration section */

/* Begin XCConfigurationList section */
		9004716A1F8B854B00BF5052 /* Build configuration list for PBXProject "DDCategoryDemo" */ = {
			isa = XCConfigurationList;
			buildConfigurations = (
				900471831F8B854B00BF5052 /* Debug */,
				900471841F8B854B00BF5052 /* Release */,
			);
			defaultConfigurationIsVisible = 0;
			defaultConfigurationName = Release;
		};
		900471851F8B854B00BF5052 /* Build configuration list for PBXNativeTarget "DDCategoryDemo" */ = {
			isa = XCConfigurationList;
			buildConfigurations = (
				900471861F8B854B00BF5052 /* Debug */,
				900471871F8B854B00BF5052 /* Release */,
			);
			defaultConfigurationIsVisible = 0;
			defaultConfigurationName = Release;
		};
/* End XCConfigurationList section */
	};
	rootObject = 900471671F8B854B00BF5052 /* Project object */;
}
