// !$*UTF8*$!
{
	archiveVersion = 1;
	classes = {
	};
	objectVersion = 46;
	objects = {

/* Begin PBXBuildFile section */
		900EE8821B9D301E00AD6C58 /* CoreGraphics.framework in Frameworks */ = {isa = PBXBuildFile; fileRef = 900EE8811B9D301E00AD6C58 /* CoreGraphics.framework */; };
		900EEB2A1B9E7C5D00AD6C58 /* NSArray+DDTools.m in Sources */ = {isa = PBXBuildFile; fileRef = 900EEB131B9E7C5D00AD6C58 /* NSArray+DDTools.m */; };
		900EEB2B1B9E7C5D00AD6C58 /* NSDictionary+DDTools.m in Sources */ = {isa = PBXBuildFile; fileRef = 900EEB151B9E7C5D00AD6C58 /* NSDictionary+DDTools.m */; };
		900EEB2C1B9E7C5D00AD6C58 /* NSObject+DDTools.m in Sources */ = {isa = PBXBuildFile; fileRef = 900EEB171B9E7C5D00AD6C58 /* NSObject+DDTools.m */; };
		900EEB2D1B9E7C5D00AD6C58 /* NSString+DDTools.m in Sources */ = {isa = PBXBuildFile; fileRef = 900EEB191B9E7C5D00AD6C58 /* NSString+DDTools.m */; };
		900EEB2E1B9E7C5D00AD6C58 /* UIButton+DDHitEdgeInsets.m in Sources */ = {isa = PBXBuildFile; fileRef = 900EEB1B1B9E7C5D00AD6C58 /* UIButton+DDHitEdgeInsets.m */; };
		900EEB2F1B9E7C5D00AD6C58 /* UIColor+DDTools.m in Sources */ = {isa = PBXBuildFile; fileRef = 900EEB1D1B9E7C5D00AD6C58 /* UIColor+DDTools.m */; };
		900EEB301B9E7C5D00AD6C58 /* UIDevice+DDTools.m in Sources */ = {isa = PBXBuildFile; fileRef = 900EEB1F1B9E7C5D00AD6C58 /* UIDevice+DDTools.m */; };
		900EEB311B9E7C5D00AD6C58 /* UIFont+DDTools.m in Sources */ = {isa = PBXBuildFile; fileRef = 900EEB211B9E7C5D00AD6C58 /* UIFont+DDTools.m */; };
		900EEB321B9E7C5D00AD6C58 /* UIImage+DDTools.m in Sources */ = {isa = PBXBuildFile; fileRef = 900EEB231B9E7C5D00AD6C58 /* UIImage+DDTools.m */; };
		900EEB331B9E7C5D00AD6C58 /* UIImageView+DDHitEdgeInsets.m in Sources */ = {isa = PBXBuildFile; fileRef = 900EEB251B9E7C5D00AD6C58 /* UIImageView+DDHitEdgeInsets.m */; };
		900EEB341B9E7C5D00AD6C58 /* UILabel+DDHitEdgeInsets.m in Sources */ = {isa = PBXBuildFile; fileRef = 900EEB271B9E7C5D00AD6C58 /* UILabel+DDHitEdgeInsets.m */; };
		900EEB351B9E7C5E00AD6C58 /* UIView+DDTools.m in Sources */ = {isa = PBXBuildFile; fileRef = 900EEB291B9E7C5D00AD6C58 /* UIView+DDTools.m */; };
		90EA2BD91B9072C6002C57E0 /* main.m in Sources */ = {isa = PBXBuildFile; fileRef = 90EA2BD81B9072C6002C57E0 /* main.m */; };
		90EA2BDC1B9072C6002C57E0 /* AppDelegate.m in Sources */ = {isa = PBXBuildFile; fileRef = 90EA2BDB1B9072C6002C57E0 /* AppDelegate.m */; };
		90EA2BDF1B9072C6002C57E0 /* ViewController.m in Sources */ = {isa = PBXBuildFile; fileRef = 90EA2BDE1B9072C6002C57E0 /* ViewController.m */; };
		90EA2BE21B9072C6002C57E0 /* Main.storyboard in Resources */ = {isa = PBXBuildFile; fileRef = 90EA2BE01B9072C6002C57E0 /* Main.storyboard */; };
		90EA2BE41B9072C6002C57E0 /* Images.xcassets in Resources */ = {isa = PBXBuildFile; fileRef = 90EA2BE31B9072C6002C57E0 /* Images.xcassets */; };
		90EA2BE71B9072C6002C57E0 /* LaunchScreen.xib in Resources */ = {isa = PBXBuildFile; fileRef = 90EA2BE51B9072C6002C57E0 /* LaunchScreen.xib */; };
		90EA2BF31B9072C7002C57E0 /* DDCategoryDemoTests.m in Sources */ = {isa = PBXBuildFile; fileRef = 90EA2BF21B9072C7002C57E0 /* DDCategoryDemoTests.m */; };
		91CC04E05215518C7DF36DFC /* libPods-DDCategoryDemo.a in Frameworks */ = {isa = PBXBuildFile; fileRef = B4A80D9B61B50A08DD34D155 /* libPods-DDCategoryDemo.a */; };
/* End PBXBuildFile section */

/* Begin PBXContainerItemProxy section */
		90EA2BED1B9072C7002C57E0 /* PBXContainerItemProxy */ = {
			isa = PBXContainerItemProxy;
			containerPortal = 90EA2BCB1B9072C6002C57E0 /* Project object */;
			proxyType = 1;
			remoteGlobalIDString = 90EA2BD21B9072C6002C57E0;
			remoteInfo = DDCategoryDemo;
		};
/* End PBXContainerItemProxy section */

/* Begin PBXFileReference section */
		6971AE79625816366E5E1867 /* Pods-DDCategoryDemo.release.xcconfig */ = {isa = PBXFileReference; includeInIndex = 1; lastKnownFileType = text.xcconfig; name = "Pods-DDCategoryDemo.release.xcconfig"; path = "Pods/Target Support Files/Pods-DDCategoryDemo/Pods-DDCategoryDemo.release.xcconfig"; sourceTree = "<group>"; };
		900EE8811B9D301E00AD6C58 /* CoreGraphics.framework */ = {isa = PBXFileReference; lastKnownFileType = wrapper.framework; name = CoreGraphics.framework; path = System/Library/Frameworks/CoreGraphics.framework; sourceTree = SDKROOT; };
		900EEB111B9E7C5D00AD6C58 /* DDCategoryHeader.h */ = {isa = PBXFileReference; fileEncoding = 4; lastKnownFileType = sourcecode.c.h; path = DDCategoryHeader.h; sourceTree = "<group>"; };
		900EEB121B9E7C5D00AD6C58 /* NSArray+DDTools.h */ = {isa = PBXFileReference; fileEncoding = 4; lastKnownFileType = sourcecode.c.h; path = "NSArray+DDTools.h"; sourceTree = "<group>"; };
		900EEB131B9E7C5D00AD6C58 /* NSArray+DDTools.m */ = {isa = PBXFileReference; fileEncoding = 4; lastKnownFileType = sourcecode.c.objc; path = "NSArray+DDTools.m"; sourceTree = "<group>"; };
		900EEB141B9E7C5D00AD6C58 /* NSDictionary+DDTools.h */ = {isa = PBXFileReference; fileEncoding = 4; lastKnownFileType = sourcecode.c.h; path = "NSDictionary+DDTools.h"; sourceTree = "<group>"; };
		900EEB151B9E7C5D00AD6C58 /* NSDictionary+DDTools.m */ = {isa = PBXFileReference; fileEncoding = 4; lastKnownFileType = sourcecode.c.objc; path = "NSDictionary+DDTools.m"; sourceTree = "<group>"; };
		900EEB161B9E7C5D00AD6C58 /* NSObject+DDTools.h */ = {isa = PBXFileReference; fileEncoding = 4; lastKnownFileType = sourcecode.c.h; path = "NSObject+DDTools.h"; sourceTree = "<group>"; };
		900EEB171B9E7C5D00AD6C58 /* NSObject+DDTools.m */ = {isa = PBXFileReference; fileEncoding = 4; lastKnownFileType = sourcecode.c.objc; path = "NSObject+DDTools.m"; sourceTree = "<group>"; };
		900EEB181B9E7C5D00AD6C58 /* NSString+DDTools.h */ = {isa = PBXFileReference; fileEncoding = 4; lastKnownFileType = sourcecode.c.h; path = "NSString+DDTools.h"; sourceTree = "<group>"; };
		900EEB191B9E7C5D00AD6C58 /* NSString+DDTools.m */ = {isa = PBXFileReference; fileEncoding = 4; lastKnownFileType = sourcecode.c.objc; path = "NSString+DDTools.m"; sourceTree = "<group>"; };
		900EEB1A1B9E7C5D00AD6C58 /* UIButton+DDHitEdgeInsets.h */ = {isa = PBXFileReference; fileEncoding = 4; lastKnownFileType = sourcecode.c.h; path = "UIButton+DDHitEdgeInsets.h"; sourceTree = "<group>"; };
		900EEB1B1B9E7C5D00AD6C58 /* UIButton+DDHitEdgeInsets.m */ = {isa = PBXFileReference; fileEncoding = 4; lastKnownFileType = sourcecode.c.objc; path = "UIButton+DDHitEdgeInsets.m"; sourceTree = "<group>"; };
		900EEB1C1B9E7C5D00AD6C58 /* UIColor+DDTools.h */ = {isa = PBXFileReference; fileEncoding = 4; lastKnownFileType = sourcecode.c.h; path = "UIColor+DDTools.h"; sourceTree = "<group>"; };
		900EEB1D1B9E7C5D00AD6C58 /* UIColor+DDTools.m */ = {isa = PBXFileReference; fileEncoding = 4; lastKnownFileType = sourcecode.c.objc; path = "UIColor+DDTools.m"; sourceTree = "<group>"; };
		900EEB1E1B9E7C5D00AD6C58 /* UIDevice+DDTools.h */ = {isa = PBXFileReference; fileEncoding = 4; lastKnownFileType = sourcecode.c.h; path = "UIDevice+DDTools.h"; sourceTree = "<group>"; };
		900EEB1F1B9E7C5D00AD6C58 /* UIDevice+DDTools.m */ = {isa = PBXFileReference; fileEncoding = 4; lastKnownFileType = sourcecode.c.objc; path = "UIDevice+DDTools.m"; sourceTree = "<group>"; };
		900EEB201B9E7C5D00AD6C58 /* UIFont+DDTools.h */ = {isa = PBXFileReference; fileEncoding = 4; lastKnownFileType = sourcecode.c.h; path = "UIFont+DDTools.h"; sourceTree = "<group>"; };
		900EEB211B9E7C5D00AD6C58 /* UIFont+DDTools.m */ = {isa = PBXFileReference; fileEncoding = 4; lastKnownFileType = sourcecode.c.objc; path = "UIFont+DDTools.m"; sourceTree = "<group>"; };
		900EEB221B9E7C5D00AD6C58 /* UIImage+DDTools.h */ = {isa = PBXFileReference; fileEncoding = 4; lastKnownFileType = sourcecode.c.h; path = "UIImage+DDTools.h"; sourceTree = "<group>"; };
		900EEB231B9E7C5D00AD6C58 /* UIImage+DDTools.m */ = {isa = PBXFileReference; fileEncoding = 4; lastKnownFileType = sourcecode.c.objc; path = "UIImage+DDTools.m"; sourceTree = "<group>"; };
		900EEB241B9E7C5D00AD6C58 /* UIImageView+DDHitEdgeInsets.h */ = {isa = PBXFileReference; fileEncoding = 4; lastKnownFileType = sourcecode.c.h; path = "UIImageView+DDHitEdgeInsets.h"; sourceTree = "<group>"; };
		900EEB251B9E7C5D00AD6C58 /* UIImageView+DDHitEdgeInsets.m */ = {isa = PBXFileReference; fileEncoding = 4; lastKnownFileType = sourcecode.c.objc; path = "UIImageView+DDHitEdgeInsets.m"; sourceTree = "<group>"; };
		900EEB261B9E7C5D00AD6C58 /* UILabel+DDHitEdgeInsets.h */ = {isa = PBXFileReference; fileEncoding = 4; lastKnownFileType = sourcecode.c.h; path = "UILabel+DDHitEdgeInsets.h"; sourceTree = "<group>"; };
		900EEB271B9E7C5D00AD6C58 /* UILabel+DDHitEdgeInsets.m */ = {isa = PBXFileReference; fileEncoding = 4; lastKnownFileType = sourcecode.c.objc; path = "UILabel+DDHitEdgeInsets.m"; sourceTree = "<group>"; };
		900EEB281B9E7C5D00AD6C58 /* UIView+DDTools.h */ = {isa = PBXFileReference; fileEncoding = 4; lastKnownFileType = sourcecode.c.h; path = "UIView+DDTools.h"; sourceTree = "<group>"; };
		900EEB291B9E7C5D00AD6C58 /* UIView+DDTools.m */ = {isa = PBXFileReference; fileEncoding = 4; lastKnownFileType = sourcecode.c.objc; path = "UIView+DDTools.m"; sourceTree = "<group>"; };
		90EA2BD31B9072C6002C57E0 /* DDCategoryDemo.app */ = {isa = PBXFileReference; explicitFileType = wrapper.application; includeInIndex = 0; path = DDCategoryDemo.app; sourceTree = BUILT_PRODUCTS_DIR; };
		90EA2BD71B9072C6002C57E0 /* Info.plist */ = {isa = PBXFileReference; lastKnownFileType = text.plist.xml; path = Info.plist; sourceTree = "<group>"; };
		90EA2BD81B9072C6002C57E0 /* main.m */ = {isa = PBXFileReference; lastKnownFileType = sourcecode.c.objc; path = main.m; sourceTree = "<group>"; };
		90EA2BDA1B9072C6002C57E0 /* AppDelegate.h */ = {isa = PBXFileReference; lastKnownFileType = sourcecode.c.h; path = AppDelegate.h; sourceTree = "<group>"; };
		90EA2BDB1B9072C6002C57E0 /* AppDelegate.m */ = {isa = PBXFileReference; lastKnownFileType = sourcecode.c.objc; path = AppDelegate.m; sourceTree = "<group>"; };
		90EA2BDD1B9072C6002C57E0 /* ViewController.h */ = {isa = PBXFileReference; lastKnownFileType = sourcecode.c.h; path = ViewController.h; sourceTree = "<group>"; };
		90EA2BDE1B9072C6002C57E0 /* ViewController.m */ = {isa = PBXFileReference; lastKnownFileType = sourcecode.c.objc; path = ViewController.m; sourceTree = "<group>"; };
		90EA2BE11B9072C6002C57E0 /* Base */ = {isa = PBXFileReference; lastKnownFileType = file.storyboard; name = Base; path = Base.lproj/Main.storyboard; sourceTree = "<group>"; };
		90EA2BE31B9072C6002C57E0 /* Images.xcassets */ = {isa = PBXFileReference; lastKnownFileType = folder.assetcatalog; path = Images.xcassets; sourceTree = "<group>"; };
		90EA2BE61B9072C6002C57E0 /* Base */ = {isa = PBXFileReference; lastKnownFileType = file.xib; name = Base; path = Base.lproj/LaunchScreen.xib; sourceTree = "<group>"; };
		90EA2BEC1B9072C7002C57E0 /* DDCategoryDemoTests.xctest */ = {isa = PBXFileReference; explicitFileType = wrapper.cfbundle; includeInIndex = 0; path = DDCategoryDemoTests.xctest; sourceTree = BUILT_PRODUCTS_DIR; };
		90EA2BF11B9072C7002C57E0 /* Info.plist */ = {isa = PBXFileReference; lastKnownFileType = text.plist.xml; path = Info.plist; sourceTree = "<group>"; };
		90EA2BF21B9072C7002C57E0 /* DDCategoryDemoTests.m */ = {isa = PBXFileReference; lastKnownFileType = sourcecode.c.objc; path = DDCategoryDemoTests.m; sourceTree = "<group>"; };
		95B6D7C289542BD824F1CB7C /* Pods-DDCategoryDemo.debug.xcconfig */ = {isa = PBXFileReference; includeInIndex = 1; lastKnownFileType = text.xcconfig; name = "Pods-DDCategoryDemo.debug.xcconfig"; path = "Pods/Target Support Files/Pods-DDCategoryDemo/Pods-DDCategoryDemo.debug.xcconfig"; sourceTree = "<group>"; };
		B4A80D9B61B50A08DD34D155 /* libPods-DDCategoryDemo.a */ = {isa = PBXFileReference; explicitFileType = archive.ar; includeInIndex = 0; path = "libPods-DDCategoryDemo.a"; sourceTree = BUILT_PRODUCTS_DIR; };
/* End PBXFileReference section */

/* Begin PBXFrameworksBuildPhase section */
		90EA2BD01B9072C6002C57E0 /* Frameworks */ = {
			isa = PBXFrameworksBuildPhase;
			buildActionMask = 2147483647;
			files = (
				900EE8821B9D301E00AD6C58 /* CoreGraphics.framework in Frameworks */,
				91CC04E05215518C7DF36DFC /* libPods-DDCategoryDemo.a in Frameworks */,
			);
			runOnlyForDeploymentPostprocessing = 0;
		};
		90EA2BE91B9072C7002C57E0 /* Frameworks */ = {
			isa = PBXFrameworksBuildPhase;
			buildActionMask = 2147483647;
			files = (
			);
			runOnlyForDeploymentPostprocessing = 0;
		};
/* End PBXFrameworksBuildPhase section */

/* Begin PBXGroup section */
		70E82467057AF988A05EF2E6 /* Pods */ = {
			isa = PBXGroup;
			children = (
				95B6D7C289542BD824F1CB7C /* Pods-DDCategoryDemo.debug.xcconfig */,
				6971AE79625816366E5E1867 /* Pods-DDCategoryDemo.release.xcconfig */,
			);
			name = Pods;
			sourceTree = "<group>";
		};
		900EEB101B9E7C5D00AD6C58 /* DDCoreCategory */ = {
			isa = PBXGroup;
			children = (
				900EEB111B9E7C5D00AD6C58 /* DDCategoryHeader.h */,
				900EEB121B9E7C5D00AD6C58 /* NSArray+DDTools.h */,
				900EEB131B9E7C5D00AD6C58 /* NSArray+DDTools.m */,
				900EEB141B9E7C5D00AD6C58 /* NSDictionary+DDTools.h */,
				900EEB151B9E7C5D00AD6C58 /* NSDictionary+DDTools.m */,
				900EEB161B9E7C5D00AD6C58 /* NSObject+DDTools.h */,
				900EEB171B9E7C5D00AD6C58 /* NSObject+DDTools.m */,
				900EEB181B9E7C5D00AD6C58 /* NSString+DDTools.h */,
				900EEB191B9E7C5D00AD6C58 /* NSString+DDTools.m */,
				900EEB1A1B9E7C5D00AD6C58 /* UIButton+DDHitEdgeInsets.h */,
				900EEB1B1B9E7C5D00AD6C58 /* UIButton+DDHitEdgeInsets.m */,
				900EEB1C1B9E7C5D00AD6C58 /* UIColor+DDTools.h */,
				900EEB1D1B9E7C5D00AD6C58 /* UIColor+DDTools.m */,
				900EEB1E1B9E7C5D00AD6C58 /* UIDevice+DDTools.h */,
				900EEB1F1B9E7C5D00AD6C58 /* UIDevice+DDTools.m */,
				900EEB201B9E7C5D00AD6C58 /* UIFont+DDTools.h */,
				900EEB211B9E7C5D00AD6C58 /* UIFont+DDTools.m */,
				900EEB221B9E7C5D00AD6C58 /* UIImage+DDTools.h */,
				900EEB231B9E7C5D00AD6C58 /* UIImage+DDTools.m */,
				900EEB241B9E7C5D00AD6C58 /* UIImageView+DDHitEdgeInsets.h */,
				900EEB251B9E7C5D00AD6C58 /* UIImageView+DDHitEdgeInsets.m */,
				900EEB261B9E7C5D00AD6C58 /* UILabel+DDHitEdgeInsets.h */,
				900EEB271B9E7C5D00AD6C58 /* UILabel+DDHitEdgeInsets.m */,
				900EEB281B9E7C5D00AD6C58 /* UIView+DDTools.h */,
				900EEB291B9E7C5D00AD6C58 /* UIView+DDTools.m */,
			);
			path = DDCoreCategory;
			sourceTree = "<group>";
		};
		90EA2BCA1B9072C6002C57E0 = {
			isa = PBXGroup;
			children = (
				900EEB101B9E7C5D00AD6C58 /* DDCoreCategory */,
				90EA2BD51B9072C6002C57E0 /* DDCategoryDemo */,
				90EA2BEF1B9072C7002C57E0 /* DDCategoryDemoTests */,
				90EA2BD41B9072C6002C57E0 /* Products */,
				70E82467057AF988A05EF2E6 /* Pods */,
				C8ECA4603BA235BEFE82487C /* Frameworks */,
			);
			sourceTree = "<group>";
		};
		90EA2BD41B9072C6002C57E0 /* Products */ = {
			isa = PBXGroup;
			children = (
				90EA2BD31B9072C6002C57E0 /* DDCategoryDemo.app */,
				90EA2BEC1B9072C7002C57E0 /* DDCategoryDemoTests.xctest */,
			);
			name = Products;
			sourceTree = "<group>";
		};
		90EA2BD51B9072C6002C57E0 /* DDCategoryDemo */ = {
			isa = PBXGroup;
			children = (
				90EA2BDA1B9072C6002C57E0 /* AppDelegate.h */,
				90EA2BDB1B9072C6002C57E0 /* AppDelegate.m */,
				90EA2BDD1B9072C6002C57E0 /* ViewController.h */,
				90EA2BDE1B9072C6002C57E0 /* ViewController.m */,
				90EA2BE01B9072C6002C57E0 /* Main.storyboard */,
				90EA2BE31B9072C6002C57E0 /* Images.xcassets */,
				90EA2BE51B9072C6002C57E0 /* LaunchScreen.xib */,
				90EA2BD61B9072C6002C57E0 /* Supporting Files */,
			);
			path = DDCategoryDemo;
			sourceTree = "<group>";
		};
		90EA2BD61B9072C6002C57E0 /* Supporting Files */ = {
			isa = PBXGroup;
			children = (
				90EA2BD71B9072C6002C57E0 /* Info.plist */,
				90EA2BD81B9072C6002C57E0 /* main.m */,
			);
			name = "Supporting Files";
			sourceTree = "<group>";
		};
		90EA2BEF1B9072C7002C57E0 /* DDCategoryDemoTests */ = {
			isa = PBXGroup;
			children = (
				90EA2BF21B9072C7002C57E0 /* DDCategoryDemoTests.m */,
				90EA2BF01B9072C7002C57E0 /* Supporting Files */,
			);
			path = DDCategoryDemoTests;
			sourceTree = "<group>";
		};
		90EA2BF01B9072C7002C57E0 /* Supporting Files */ = {
			isa = PBXGroup;
			children = (
				90EA2BF11B9072C7002C57E0 /* Info.plist */,
			);
			name = "Supporting Files";
			sourceTree = "<group>";
		};
		C8ECA4603BA235BEFE82487C /* Frameworks */ = {
			isa = PBXGroup;
			children = (
				900EE8811B9D301E00AD6C58 /* CoreGraphics.framework */,
				B4A80D9B61B50A08DD34D155 /* libPods-DDCategoryDemo.a */,
			);
			name = Frameworks;
			sourceTree = "<group>";
		};
/* End PBXGroup section */

/* Begin PBXNativeTarget section */
		90EA2BD21B9072C6002C57E0 /* DDCategoryDemo */ = {
			isa = PBXNativeTarget;
			buildConfigurationList = 90EA2BF61B9072C7002C57E0 /* Build configuration list for PBXNativeTarget "DDCategoryDemo" */;
			buildPhases = (
				8AB2550E994CBF74931FCC40 /* Check Pods Manifest.lock */,
				90EA2BCF1B9072C6002C57E0 /* Sources */,
				90EA2BD01B9072C6002C57E0 /* Frameworks */,
				90EA2BD11B9072C6002C57E0 /* Resources */,
				3F7A34BAD828E5E538748ACA /* Copy Pods Resources */,
			);
			buildRules = (
			);
			dependencies = (
			);
			name = DDCategoryDemo;
			productName = DDCategoryDemo;
			productReference = 90EA2BD31B9072C6002C57E0 /* DDCategoryDemo.app */;
			productType = "com.apple.product-type.application";
		};
		90EA2BEB1B9072C7002C57E0 /* DDCategoryDemoTests */ = {
			isa = PBXNativeTarget;
			buildConfigurationList = 90EA2BF91B9072C7002C57E0 /* Build configuration list for PBXNativeTarget "DDCategoryDemoTests" */;
			buildPhases = (
				90EA2BE81B9072C7002C57E0 /* Sources */,
				90EA2BE91B9072C7002C57E0 /* Frameworks */,
				90EA2BEA1B9072C7002C57E0 /* Resources */,
			);
			buildRules = (
			);
			dependencies = (
				90EA2BEE1B9072C7002C57E0 /* PBXTargetDependency */,
			);
			name = DDCategoryDemoTests;
			productName = DDCategoryDemoTests;
			productReference = 90EA2BEC1B9072C7002C57E0 /* DDCategoryDemoTests.xctest */;
			productType = "com.apple.product-type.bundle.unit-test";
		};
/* End PBXNativeTarget section */

/* Begin PBXProject section */
		90EA2BCB1B9072C6002C57E0 /* Project object */ = {
			isa = PBXProject;
			attributes = {
				LastUpgradeCheck = 0640;
				ORGANIZATIONNAME = LeeLingang;
				TargetAttributes = {
					90EA2BD21B9072C6002C57E0 = {
						CreatedOnToolsVersion = 6.4;
					};
					90EA2BEB1B9072C7002C57E0 = {
						CreatedOnToolsVersion = 6.4;
						TestTargetID = 90EA2BD21B9072C6002C57E0;
					};
				};
			};
			buildConfigurationList = 90EA2BCE1B9072C6002C57E0 /* Build configuration list for PBXProject "DDCategoryDemo" */;
			compatibilityVersion = "Xcode 3.2";
			developmentRegion = English;
			hasScannedForEncodings = 0;
			knownRegions = (
				en,
				Base,
			);
			mainGroup = 90EA2BCA1B9072C6002C57E0;
			productRefGroup = 90EA2BD41B9072C6002C57E0 /* Products */;
			projectDirPath = "";
			projectRoot = "";
			targets = (
				90EA2BD21B9072C6002C57E0 /* DDCategoryDemo */,
				90EA2BEB1B9072C7002C57E0 /* DDCategoryDemoTests */,
			);
		};
/* End PBXProject section */

/* Begin PBXResourcesBuildPhase section */
		90EA2BD11B9072C6002C57E0 /* Resources */ = {
			isa = PBXResourcesBuildPhase;
			buildActionMask = 2147483647;
			files = (
				90EA2BE21B9072C6002C57E0 /* Main.storyboard in Resources */,
				90EA2BE71B9072C6002C57E0 /* LaunchScreen.xib in Resources */,
				90EA2BE41B9072C6002C57E0 /* Images.xcassets in Resources */,
			);
			runOnlyForDeploymentPostprocessing = 0;
		};
		90EA2BEA1B9072C7002C57E0 /* Resources */ = {
			isa = PBXResourcesBuildPhase;
			buildActionMask = 2147483647;
			files = (
			);
			runOnlyForDeploymentPostprocessing = 0;
		};
/* End PBXResourcesBuildPhase section */

/* Begin PBXShellScriptBuildPhase section */
		3F7A34BAD828E5E538748ACA /* Copy Pods Resources */ = {
			isa = PBXShellScriptBuildPhase;
			buildActionMask = 2147483647;
			files = (
			);
			inputPaths = (
			);
			name = "Copy Pods Resources";
			outputPaths = (
			);
			runOnlyForDeploymentPostprocessing = 0;
			shellPath = /bin/sh;
			shellScript = "\"${SRCROOT}/Pods/Target Support Files/Pods-DDCategoryDemo/Pods-DDCategoryDemo-resources.sh\"\n";
			showEnvVarsInLog = 0;
		};
		8AB2550E994CBF74931FCC40 /* Check Pods Manifest.lock */ = {
			isa = PBXShellScriptBuildPhase;
			buildActionMask = 2147483647;
			files = (
			);
			inputPaths = (
			);
			name = "Check Pods Manifest.lock";
			outputPaths = (
			);
			runOnlyForDeploymentPostprocessing = 0;
			shellPath = /bin/sh;
			shellScript = "diff \"${PODS_ROOT}/../Podfile.lock\" \"${PODS_ROOT}/Manifest.lock\" > /dev/null\nif [[ $? != 0 ]] ; then\n    cat << EOM\nerror: The sandbox is not in sync with the Podfile.lock. Run 'pod install' or update your CocoaPods installation.\nEOM\n    exit 1\nfi\n";
			showEnvVarsInLog = 0;
		};
/* End PBXShellScriptBuildPhase section */

/* Begin PBXSourcesBuildPhase section */
		90EA2BCF1B9072C6002C57E0 /* Sources */ = {
			isa = PBXSourcesBuildPhase;
			buildActionMask = 2147483647;
			files = (
				900EEB2A1B9E7C5D00AD6C58 /* NSArray+DDTools.m in Sources */,
				900EEB2B1B9E7C5D00AD6C58 /* NSDictionary+DDTools.m in Sources */,
				900EEB351B9E7C5E00AD6C58 /* UIView+DDTools.m in Sources */,
				900EEB2E1B9E7C5D00AD6C58 /* UIButton+DDHitEdgeInsets.m in Sources */,
				900EEB2F1B9E7C5D00AD6C58 /* UIColor+DDTools.m in Sources */,
				90EA2BDF1B9072C6002C57E0 /* ViewController.m in Sources */,
				900EEB301B9E7C5D00AD6C58 /* UIDevice+DDTools.m in Sources */,
				900EEB311B9E7C5D00AD6C58 /* UIFont+DDTools.m in Sources */,
				900EEB2D1B9E7C5D00AD6C58 /* NSString+DDTools.m in Sources */,
				900EEB2C1B9E7C5D00AD6C58 /* NSObject+DDTools.m in Sources */,
				900EEB341B9E7C5D00AD6C58 /* UILabel+DDHitEdgeInsets.m in Sources */,
				900EEB321B9E7C5D00AD6C58 /* UIImage+DDTools.m in Sources */,
				90EA2BDC1B9072C6002C57E0 /* AppDelegate.m in Sources */,
				90EA2BD91B9072C6002C57E0 /* main.m in Sources */,
				900EEB331B9E7C5D00AD6C58 /* UIImageView+DDHitEdgeInsets.m in Sources */,
			);
			runOnlyForDeploymentPostprocessing = 0;
		};
		90EA2BE81B9072C7002C57E0 /* Sources */ = {
			isa = PBXSourcesBuildPhase;
			buildActionMask = 2147483647;
			files = (
				90EA2BF31B9072C7002C57E0 /* DDCategoryDemoTests.m in Sources */,
			);
			runOnlyForDeploymentPostprocessing = 0;
		};
/* End PBXSourcesBuildPhase section */

/* Begin PBXTargetDependency section */
		90EA2BEE1B9072C7002C57E0 /* PBXTargetDependency */ = {
			isa = PBXTargetDependency;
			target = 90EA2BD21B9072C6002C57E0 /* DDCategoryDemo */;
			targetProxy = 90EA2BED1B9072C7002C57E0 /* PBXContainerItemProxy */;
		};
/* End PBXTargetDependency section */

/* Begin PBXVariantGroup section */
		90EA2BE01B9072C6002C57E0 /* Main.storyboard */ = {
			isa = PBXVariantGroup;
			children = (
				90EA2BE11B9072C6002C57E0 /* Base */,
			);
			name = Main.storyboard;
			sourceTree = "<group>";
		};
		90EA2BE51B9072C6002C57E0 /* LaunchScreen.xib */ = {
			isa = PBXVariantGroup;
			children = (
				90EA2BE61B9072C6002C57E0 /* Base */,
			);
			name = LaunchScreen.xib;
			sourceTree = "<group>";
		};
/* End PBXVariantGroup section */

/* Begin XCBuildConfiguration section */
		90EA2BF41B9072C7002C57E0 /* Debug */ = {
			isa = XCBuildConfiguration;
			buildSettings = {
				ALWAYS_SEARCH_USER_PATHS = NO;
				CLANG_CXX_LANGUAGE_STANDARD = "gnu++0x";
				CLANG_CXX_LIBRARY = "libc++";
				CLANG_ENABLE_MODULES = YES;
				CLANG_ENABLE_OBJC_ARC = YES;
				CLANG_WARN_BOOL_CONVERSION = YES;
				CLANG_WARN_CONSTANT_CONVERSION = YES;
				CLANG_WARN_DIRECT_OBJC_ISA_USAGE = YES_ERROR;
				CLANG_WARN_EMPTY_BODY = YES;
				CLANG_WARN_ENUM_CONVERSION = YES;
				CLANG_WARN_INT_CONVERSION = YES;
				CLANG_WARN_OBJC_ROOT_CLASS = YES_ERROR;
				CLANG_WARN_UNREACHABLE_CODE = YES;
				CLANG_WARN__DUPLICATE_METHOD_MATCH = YES;
				"CODE_SIGN_IDENTITY[sdk=iphoneos*]" = "iPhone Developer";
				COPY_PHASE_STRIP = NO;
				DEBUG_INFORMATION_FORMAT = "dwarf-with-dsym";
				ENABLE_STRICT_OBJC_MSGSEND = YES;
				GCC_C_LANGUAGE_STANDARD = gnu99;
				GCC_DYNAMIC_NO_PIC = NO;
				GCC_NO_COMMON_BLOCKS = YES;
				GCC_OPTIMIZATION_LEVEL = 0;
				GCC_PREPROCESSOR_DEFINITIONS = (
					"DEBUG=1",
					"$(inherited)",
				);
				GCC_SYMBOLS_PRIVATE_EXTERN = NO;
				GCC_WARN_64_TO_32_BIT_CONVERSION = YES;
				GCC_WARN_ABOUT_RETURN_TYPE = YES_ERROR;
				GCC_WARN_UNDECLARED_SELECTOR = YES;
				GCC_WARN_UNINITIALIZED_AUTOS = YES_AGGRESSIVE;
				GCC_WARN_UNUSED_FUNCTION = YES;
				GCC_WARN_UNUSED_VARIABLE = YES;
				IPHONEOS_DEPLOYMENT_TARGET = 8.4;
				MTL_ENABLE_DEBUG_INFO = YES;
				ONLY_ACTIVE_ARCH = YES;
				SDKROOT = iphoneos;
				TARGETED_DEVICE_FAMILY = "1,2";
			};
			name = Debug;
		};
		90EA2BF51B9072C7002C57E0 /* Release */ = {
			isa = XCBuildConfiguration;
			buildSettings = {
				ALWAYS_SEARCH_USER_PATHS = NO;
				CLANG_CXX_LANGUAGE_STANDARD = "gnu++0x";
				CLANG_CXX_LIBRARY = "libc++";
				CLANG_ENABLE_MODULES = YES;
				CLANG_ENABLE_OBJC_ARC = YES;
				CLANG_WARN_BOOL_CONVERSION = YES;
				CLANG_WARN_CONSTANT_CONVERSION = YES;
				CLANG_WARN_DIRECT_OBJC_ISA_USAGE = YES_ERROR;
				CLANG_WARN_EMPTY_BODY = YES;
				CLANG_WARN_ENUM_CONVERSION = YES;
				CLANG_WARN_INT_CONVERSION = YES;
				CLANG_WARN_OBJC_ROOT_CLASS = YES_ERROR;
				CLANG_WARN_UNREACHABLE_CODE = YES;
				CLANG_WARN__DUPLICATE_METHOD_MATCH = YES;
				"CODE_SIGN_IDENTITY[sdk=iphoneos*]" = "iPhone Developer";
				COPY_PHASE_STRIP = NO;
				DEBUG_INFORMATION_FORMAT = "dwarf-with-dsym";
				ENABLE_NS_ASSERTIONS = NO;
				ENABLE_STRICT_OBJC_MSGSEND = YES;
				GCC_C_LANGUAGE_STANDARD = gnu99;
				GCC_NO_COMMON_BLOCKS = YES;
				GCC_WARN_64_TO_32_BIT_CONVERSION = YES;
				GCC_WARN_ABOUT_RETURN_TYPE = YES_ERROR;
				GCC_WARN_UNDECLARED_SELECTOR = YES;
				GCC_WARN_UNINITIALIZED_AUTOS = YES_AGGRESSIVE;
				GCC_WARN_UNUSED_FUNCTION = YES;
				GCC_WARN_UNUSED_VARIABLE = YES;
				IPHONEOS_DEPLOYMENT_TARGET = 8.4;
				MTL_ENABLE_DEBUG_INFO = NO;
				SDKROOT = iphoneos;
				TARGETED_DEVICE_FAMILY = "1,2";
				VALIDATE_PRODUCT = YES;
			};
			name = Release;
		};
		90EA2BF71B9072C7002C57E0 /* Debug */ = {
			isa = XCBuildConfiguration;
			baseConfigurationReference = 95B6D7C289542BD824F1CB7C /* Pods-DDCategoryDemo.debug.xcconfig */;
			buildSettings = {
				ASSETCATALOG_COMPILER_APPICON_NAME = AppIcon;
				INFOPLIST_FILE = DDCategoryDemo/Info.plist;
				LD_RUNPATH_SEARCH_PATHS = "$(inherited) @executable_path/Frameworks";
				PRODUCT_NAME = "$(TARGET_NAME)";
			};
			name = Debug;
		};
		90EA2BF81B9072C7002C57E0 /* Release */ = {
			isa = XCBuildConfiguration;
			baseConfigurationReference = 6971AE79625816366E5E1867 /* Pods-DDCategoryDemo.release.xcconfig */;
			buildSettings = {
				ASSETCATALOG_COMPILER_APPICON_NAME = AppIcon;
				INFOPLIST_FILE = DDCategoryDemo/Info.plist;
				LD_RUNPATH_SEARCH_PATHS = "$(inherited) @executable_path/Frameworks";
				PRODUCT_NAME = "$(TARGET_NAME)";
			};
			name = Release;
		};
		90EA2BFA1B9072C7002C57E0 /* Debug */ = {
			isa = XCBuildConfiguration;
			buildSettings = {
				BUNDLE_LOADER = "$(TEST_HOST)";
				FRAMEWORK_SEARCH_PATHS = (
					"$(SDKROOT)/Developer/Library/Frameworks",
					"$(inherited)",
				);
				GCC_PREPROCESSOR_DEFINITIONS = (
					"DEBUG=1",
					"$(inherited)",
				);
				INFOPLIST_FILE = DDCategoryDemoTests/Info.plist;
				LD_RUNPATH_SEARCH_PATHS = "$(inherited) @executable_path/Frameworks @loader_path/Frameworks";
				PRODUCT_NAME = "$(TARGET_NAME)";
				TEST_HOST = "$(BUILT_PRODUCTS_DIR)/DDCategoryDemo.app/DDCategoryDemo";
			};
			name = Debug;
		};
		90EA2BFB1B9072C7002C57E0 /* Release */ = {
			isa = XCBuildConfiguration;
			buildSettings = {
				BUNDLE_LOADER = "$(TEST_HOST)";
				FRAMEWORK_SEARCH_PATHS = (
					"$(SDKROOT)/Developer/Library/Frameworks",
					"$(inherited)",
				);
				INFOPLIST_FILE = DDCategoryDemoTests/Info.plist;
				LD_RUNPATH_SEARCH_PATHS = "$(inherited) @executable_path/Frameworks @loader_path/Frameworks";
				PRODUCT_NAME = "$(TARGET_NAME)";
				TEST_HOST = "$(BUILT_PRODUCTS_DIR)/DDCategoryDemo.app/DDCategoryDemo";
			};
			name = Release;
		};
/* End XCBuildConfiguration section */

/* Begin XCConfigurationList section */
		90EA2BCE1B9072C6002C57E0 /* Build configuration list for PBXProject "DDCategoryDemo" */ = {
			isa = XCConfigurationList;
			buildConfigurations = (
				90EA2BF41B9072C7002C57E0 /* Debug */,
				90EA2BF51B9072C7002C57E0 /* Release */,
			);
			defaultConfigurationIsVisible = 0;
			defaultConfigurationName = Release;
		};
		90EA2BF61B9072C7002C57E0 /* Build configuration list for PBXNativeTarget "DDCategoryDemo" */ = {
			isa = XCConfigurationList;
			buildConfigurations = (
				90EA2BF71B9072C7002C57E0 /* Debug */,
				90EA2BF81B9072C7002C57E0 /* Release */,
			);
			defaultConfigurationIsVisible = 0;
			defaultConfigurationName = Release;
		};
		90EA2BF91B9072C7002C57E0 /* Build configuration list for PBXNativeTarget "DDCategoryDemoTests" */ = {
			isa = XCConfigurationList;
			buildConfigurations = (
				90EA2BFA1B9072C7002C57E0 /* Debug */,
				90EA2BFB1B9072C7002C57E0 /* Release */,
			);
			defaultConfigurationIsVisible = 0;
			defaultConfigurationName = Release;
		};
/* End XCConfigurationList section */
	};
	rootObject = 90EA2BCB1B9072C6002C57E0 /* Project object */;
}
